{
  "originHash" : "325444d5d238bbb2418819ed292f3dffbd29f26503f8ff5d714dc3269b66a905",
  "pins" : [
    {
      "identity" : "catena",
      "kind" : "remoteSourceControl",
      "location" : "https://github.com/Fleuronic/Catena",
      "state" : {
        "branch" : "main",
        "revision" : "a3c180a72356e20d9156915ece02a0eee050de1f"
      }
    },
    {
      "identity" : "differ",
      "kind" : "remoteSourceControl",
      "location" : "https://github.com/tonyarnold/Differ",
      "state" : {
        "revision" : "5520fda947f1f9777a806389c2ba587219bc0538",
        "version" : "1.4.6"
      }
    },
    {
      "identity" : "identity",
      "kind" : "remoteSourceControl",
      "location" : "https://github.com/jordanekay/Identity",
      "state" : {
        "branch" : "master",
        "revision" : "8764a54c8e5ef0d14f3dc2ec5c10223ed0411a4d"
      }
    },
    {
      "identity" : "persistdb",
      "kind" : "remoteSourceControl",
      "location" : "https://github.com/jordanekay/PersistDB",
      "state" : {
        "branch" : "master",
        "revision" : "6ec3569d31ae6996d2c2256cce6ab0c528c15749"
      }
    },
    {
      "identity" : "reactiveswift",
      "kind" : "remoteSourceControl",
      "location" : "https://github.com/ReactiveCocoa/ReactiveSwift.git",
      "state" : {
        "branch" : "swift-concurrency",
        "revision" : "3d40187c982346352d0adbe6b38e0e3d53fddc95"
      }
    },
    {
      "identity" : "schemata",
      "kind" : "remoteSourceControl",
      "location" : "https://github.com/jordanekay/Schemata",
      "state" : {
        "branch" : "master",
        "revision" : "d50bff691be79b0334e17b394de7dc13528d3944"
      }
    }
  ],
  "version" : 3
}
